# This file is automatically @generated by Poetry 1.8.2 and should not be changed by hand.

[[package]]
name = "pydub"
version = "0.25.1"
description = "Manipulate audio with an simple and easy high level interface"
optional = false
python-versions = "*"
files = [
    {file = "pydub-0.25.1-py2.py3-none-any.whl", hash = "sha256:65617e33033874b59d87db603aa1ed450633288aefead953b30bded59cb599a6"},
    {file = "pydub-0.25.1.tar.gz", hash = "sha256:980a33ce9949cab2a569606b65674d748ecbca4f0796887fd6f46173a7b0d30f"},
]

[[package]]
name = "pytubefix"
version = "8.12.2"
description = "Python3 library for downloading YouTube Videos."
optional = false
python-versions = ">=3.7"
files = [
    {file = "pytubefix-8.12.2-py3-none-any.whl", hash = "sha256:061970d55aa1597a69f4e0bd3117de0224a1a3a3da37dc81e9f4ff66ba6875ab"},
    {file = "pytubefix-8.12.2.tar.gz", hash = "sha256:65d70a27806b1c129340c770243c3bbebc6b8a74f4cc30aa7803a192fdef94e1"},
]

[metadata]
lock-version = "2.0"
python-versions = "^3.12"
content-hash = "a46c1aded8b1dc1dce77305541ee5b11318a5b7ddef5e288be6501f0d66921fe"
